
Microsoft Visual Studio Solution File, Format Version 12.00
# Visual Studio Version 17
VisualStudioVersion = 17.0.31903.59
MinimumVisualStudioVersion = 10.0.40219.1
Project("{2150E333-8FDC-42A3-9474-1A3956D46DE8}") = "src", "src", "{8B97746E-59B6-450D-9E34-FF5A83A171CB}"
EndProject
Project("{FAE04EC0-301F-11D3-BF4B-00C04F79EFBC}") = "Domain", "src\Domain\Domain.csproj", "{DBD2C21D-B1DD-44D8-AEEF-93BD1D7BB72F}"
EndProject
Project("{FAE04EC0-301F-11D3-BF4B-00C04F79EFBC}") = "Infrastructure", "src\Infrastructure\Infrastructure.csproj", "{471296E7-ED62-489F-838B-DB2DD3B2D116}"
EndProject
Project("{2150E333-8FDC-42A3-9474-1A3956D46DE8}") = "Presentation", "Presentation", "{87595899-65AA-4993-9A79-601E0EC1CAFA}"
EndProject
Project("{FAE04EC0-301F-11D3-BF4B-00C04F79EFBC}") = "Web", "src\Presentation\Web\Web.csproj", "{362CDBA9-6231-40D1-8DE4-8D7F53C71267}"
EndProject
Global
	GlobalSection(SolutionConfigurationPlatforms) = preSolution
		Debug|Any CPU = Debug|Any CPU
		Release|Any CPU = Release|Any CPU
	EndGlobalSection
	GlobalSection(SolutionProperties) = preSolution
		HideSolutionNode = FALSE
	EndGlobalSection
	GlobalSection(ProjectConfigurationPlatforms) = postSolution
		{DBD2C21D-B1DD-44D8-AEEF-93BD1D7BB72F}.Debug|Any CPU.ActiveCfg = Debug|Any CPU
		{DBD2C21D-B1DD-44D8-AEEF-93BD1D7BB72F}.Debug|Any CPU.Build.0 = Debug|Any CPU
		{DBD2C21D-B1DD-44D8-AEEF-93BD1D7BB72F}.Release|Any CPU.ActiveCfg = Release|Any CPU
		{DBD2C21D-B1DD-44D8-AEEF-93BD1D7BB72F}.Release|Any CPU.Build.0 = Release|Any CPU
		{471296E7-ED62-489F-838B-DB2DD3B2D116}.Debug|Any CPU.ActiveCfg = Debug|Any CPU
		{471296E7-ED62-489F-838B-DB2DD3B2D116}.Debug|Any CPU.Build.0 = Debug|Any CPU
		{471296E7-ED62-489F-838B-DB2DD3B2D116}.Release|Any CPU.ActiveCfg = Release|Any CPU
		{471296E7-ED62-489F-838B-DB2DD3B2D116}.Release|Any CPU.Build.0 = Release|Any CPU
		{362CDBA9-6231-40D1-8DE4-8D7F53C71267}.Debug|Any CPU.ActiveCfg = Debug|Any CPU
		{362CDBA9-6231-40D1-8DE4-8D7F53C71267}.Debug|Any CPU.Build.0 = Debug|Any CPU
		{362CDBA9-6231-40D1-8DE4-8D7F53C71267}.Release|Any CPU.ActiveCfg = Release|Any CPU
		{362CDBA9-6231-40D1-8DE4-8D7F53C71267}.Release|Any CPU.Build.0 = Release|Any CPU
	EndGlobalSection
	GlobalSection(NestedProjects) = preSolution
		{DBD2C21D-B1DD-44D8-AEEF-93BD1D7BB72F} = {8B97746E-59B6-450D-9E34-FF5A83A171CB}
		{471296E7-ED62-489F-838B-DB2DD3B2D116} = {8B97746E-59B6-450D-9E34-FF5A83A171CB}
		{87595899-65AA-4993-9A79-601E0EC1CAFA} = {8B97746E-59B6-450D-9E34-FF5A83A171CB}
		{362CDBA9-6231-40D1-8DE4-8D7F53C71267} = {87595899-65AA-4993-9A79-601E0EC1CAFA}
	EndGlobalSection
EndGlobal
